
Microsoft Visual Studio Solution File, Format Version 12.00
# Visual Studio Version 17
VisualStudioVersion = 17.14.37012.4 d17.14
MinimumVisualStudioVersion = 10.0.40219.1
Project("{FAE04EC0-301F-11D3-BF4B-00C04F79EFBC}") = "WorkWatcher", "WorkWatcher\WorkWatcher.csproj", "{C002934E-DAD5-4C45-B9C5-373FADAC4075}"
EndProject
Global
	GlobalSection(SolutionConfigurationPlatforms) = preSolution
		Debug|Any CPU = Debug|Any CPU
		Release|Any CPU = Release|Any CPU
	EndGlobalSection
	GlobalSection(ProjectConfigurationPlatforms) = postSolution
		{C002934E-DAD5-4C45-B9C5-373FADAC4075}.Debug|Any CPU.ActiveCfg = Debug|Any CPU
		{C002934E-DAD5-4C45-B9C5-373FADAC4075}.Debug|Any CPU.Build.0 = Debug|Any CPU
		{C002934E-DAD5-4C45-B9C5-373FADAC4075}.Release|Any CPU.ActiveCfg = Release|Any CPU
		{C002934E-DAD5-4C45-B9C5-373FADAC4075}.Release|Any CPU.Build.0 = Release|Any CPU
	EndGlobalSection
	GlobalSection(SolutionProperties) = preSolution
		HideSolutionNode = FALSE
	EndGlobalSection
	GlobalSection(ExtensibilityGlobals) = postSolution
		SolutionGuid = {A312AE1D-2C19-4101-AD73-924806F367BB}
	EndGlobalSection
EndGlobal
